
Microsoft Visual Studio Solution File, Format Version 12.00
# Visual Studio 15
VisualStudioVersion = 15.0.27428.1
MinimumVisualStudioVersion = 10.0.40219.1
Project("{FAE04EC0-301F-11D3-BF4B-00C04F79EFBC}") = "FirstMVP", "WindowsFormsApp1\FirstMVP.csproj", "{8817DFCE-CAA5-4E55-BA96-940FF5D5E182}"
EndProject
Global
	GlobalSection(SolutionConfigurationPlatforms) = preSolution
		Debug|Any CPU = Debug|Any CPU
		Release|Any CPU = Release|Any CPU
	EndGlobalSection
	GlobalSection(ProjectConfigurationPlatforms) = postSolution
		{8817DFCE-CAA5-4E55-BA96-940FF5D5E182}.Debug|Any CPU.ActiveCfg = Debug|Any CPU
		{8817DFCE-CAA5-4E55-BA96-940FF5D5E182}.Debug|Any CPU.Build.0 = Debug|Any CPU
		{8817DFCE-CAA5-4E55-BA96-940FF5D5E182}.Release|Any CPU.ActiveCfg = Release|Any CPU
		{8817DFCE-CAA5-4E55-BA96-940FF5D5E182}.Release|Any CPU.Build.0 = Release|Any CPU
	EndGlobalSection
	GlobalSection(SolutionProperties) = preSolution
		HideSolutionNode = FALSE
	EndGlobalSection
	GlobalSection(ExtensibilityGlobals) = postSolution
		SolutionGuid = {8A6B6100-F91D-4B44-A9B6-30243A44E6E7}
	EndGlobalSection
EndGlobal
